{
	"name": "maxscript-lsp",
	"version": "1.0.0",
	"lockfileVersion": 1,
	"requires": true,
	"dependencies": {
		"@types/moo": {
			"version": "0.5.3",
			"resolved": "https://registry.npmjs.org/@types/moo/-/moo-0.5.3.tgz",
			"integrity": "sha512-PJJ/jvb5Gor8DWvXN3e75njfQyYNRz0PaFSZ3br9GfHM9N2FxvuJ/E/ytcQePJOLzHlvgFSsIJIvfUMUxWTbnA==",
			"dev": true
		},
		"@types/nearley": {
			"version": "2.11.1",
			"resolved": "https://registry.npmjs.org/@types/nearley/-/nearley-2.11.1.tgz",
			"integrity": "sha512-oaAg5gn74VFpPYs6Ou2pjDao3WJxnlnH29q9rLOxSGb0PTw2QtBQcTAN9xs1OAHrtI9En5kIXKM96stf7//c9w==",
			"dev": true
		},
		"@types/object-path": {
			"version": "0.11.0",
			"resolved": "https://registry.npmjs.org/@types/object-path/-/object-path-0.11.0.tgz",
			"integrity": "sha512-/tuN8jDbOXcPk+VzEVZzzAgw1Byz7s/itb2YI10qkSyy6nykJH02DuhfrflxVdAdE7AZ91h5X6Cn0dmVdFw2TQ==",
			"dev": true
		},
		"ast-monkey-traverse-with-lookahead": {
			"version": "1.1.6",
			"resolved": "https://registry.npmjs.org/ast-monkey-traverse-with-lookahead/-/ast-monkey-traverse-with-lookahead-1.1.6.tgz",
			"integrity": "sha512-YMG8gXTLvntf9VBTmcfpHwAi9a7O/xQWxkGGzTcKw4ZmXSZxxFdbXsseXjMjbOuQvnvzFVqCXgG4fYBBxuozkw==",
			"requires": {
				"lodash.clonedeep": "^4.5.0"
			}
		},
		"commander": {
			"version": "2.20.3",
			"resolved": "https://registry.npmjs.org/commander/-/commander-2.20.3.tgz",
			"integrity": "sha512-GpVkmM8vF2vQUkj2LvZmD35JxeJOLCwJ9cUkugyk2nuhbv3+mJvpLYYt+0+USMxE+oj+ey/lJEnhZw75x/OMcQ=="
		},
		"discontinuous-range": {
			"version": "1.0.0",
			"resolved": "https://registry.npmjs.org/discontinuous-range/-/discontinuous-range-1.0.0.tgz",
			"integrity": "sha1-44Mx8IRLukm5qctxx3FYWqsbxlo="
		},
		"lodash.clonedeep": {
			"version": "4.5.0",
			"resolved": "https://registry.npmjs.org/lodash.clonedeep/-/lodash.clonedeep-4.5.0.tgz",
			"integrity": "sha1-4j8/nE+Pvd6HJSnBBxhXoIblzO8="
		},
		"moo": {
			"version": "0.5.1",
			"resolved": "https://registry.npmjs.org/moo/-/moo-0.5.1.tgz",
			"integrity": "sha512-I1mnb5xn4fO80BH9BLcF0yLypy2UKl+Cb01Fu0hJRkJjlCRtxZMWkTdAtDd5ZqCOxtCkhmRwyI57vWT+1iZ67w=="
		},
		"nearley": {
			"version": "2.19.4",
			"resolved": "https://registry.npmjs.org/nearley/-/nearley-2.19.4.tgz",
			"integrity": "sha512-oqj3m4oqwKsN77pETa9IPvxHHHLW68KrDc2KYoWMUOhDlrNUo7finubwffQMBRnwNCOXc4kRxCZO0Rvx4L6Zrw==",
			"requires": {
				"commander": "^2.19.0",
				"moo": "^0.5.0",
				"railroad-diagrams": "^1.0.0",
				"randexp": "0.4.6",
				"semver": "^5.4.1"
			}
		},
		"object-path": {
			"version": "0.11.4",
			"resolved": "https://registry.npmjs.org/object-path/-/object-path-0.11.4.tgz",
			"integrity": "sha1-NwrnUvvzfePqcKhhwju6iRVpGUk="
		},
		"railroad-diagrams": {
			"version": "1.0.0",
			"resolved": "https://registry.npmjs.org/railroad-diagrams/-/railroad-diagrams-1.0.0.tgz",
			"integrity": "sha1-635iZ1SN3t+4mcG5Dlc3RVnN234="
		},
		"randexp": {
			"version": "0.4.6",
			"resolved": "https://registry.npmjs.org/randexp/-/randexp-0.4.6.tgz",
			"integrity": "sha512-80WNmd9DA0tmZrw9qQa62GPPWfuXJknrmVmLcxvq4uZBdYqb1wYoKTmnlGUchvVWe0XiLupYkBoXVOxz3C8DYQ==",
			"requires": {
				"discontinuous-range": "1.0.0",
				"ret": "~0.1.10"
			}
		},
		"ret": {
			"version": "0.1.15",
			"resolved": "https://registry.npmjs.org/ret/-/ret-0.1.15.tgz",
			"integrity": "sha512-TTlYpa+OL+vMMNG24xSlQGEJ3B/RzEfUlLct7b5G/ytav+wPrplCpVMFuwzXbkecJrb6IYo1iFb0S9v37754mg=="
		},
		"semver": {
			"version": "5.7.1",
			"resolved": "https://registry.npmjs.org/semver/-/semver-5.7.1.tgz",
			"integrity": "sha512-sauaDf/PZdVgrLTNYHRtpXa1iRiKcaebiKQ1BJdpQlWH2lCvexQdX55snPFyK7QzpudqbCI0qXFfOasHdyNDGQ=="
		},
		"vscode-jsonrpc": {
			"version": "5.0.1",
			"resolved": "https://registry.npmjs.org/vscode-jsonrpc/-/vscode-jsonrpc-5.0.1.tgz",
			"integrity": "sha512-JvONPptw3GAQGXlVV2utDcHx0BiY34FupW/kI6mZ5x06ER5DdPG/tXWMVHjTNULF5uKPOUUD0SaXg5QaubJL0A=="
		},
		"vscode-languageserver": {
			"version": "6.1.1",
			"resolved": "https://registry.npmjs.org/vscode-languageserver/-/vscode-languageserver-6.1.1.tgz",
			"integrity": "sha512-DueEpkUAkD5XTR4MLYNr6bQIp/UFR0/IPApgXU3YfCBCB08u2sm9hRCs6DxYZELkk++STPjpcjksR2H8qI3cDQ==",
			"requires": {
				"vscode-languageserver-protocol": "^3.15.3"
			}
		},
		"vscode-languageserver-protocol": {
			"version": "3.15.3",
			"resolved": "https://registry.npmjs.org/vscode-languageserver-protocol/-/vscode-languageserver-protocol-3.15.3.tgz",
			"integrity": "sha512-zrMuwHOAQRhjDSnflWdJG+O2ztMWss8GqUUB8dXLR/FPenwkiBNkMIJJYfSN6sgskvsF0rHAoBowNQfbyZnnvw==",
			"requires": {
				"vscode-jsonrpc": "^5.0.1",
				"vscode-languageserver-types": "3.15.1"
			}
		},
		"vscode-languageserver-textdocument": {
			"version": "1.0.1",
			"resolved": "https://registry.npmjs.org/vscode-languageserver-textdocument/-/vscode-languageserver-textdocument-1.0.1.tgz",
			"integrity": "sha512-UIcJDjX7IFkck7cSkNNyzIz5FyvpQfY7sdzVy+wkKN/BLaD4DQ0ppXQrKePomCxTS7RrolK1I0pey0bG9eh8dA=="
		},
		"vscode-languageserver-types": {
			"version": "3.15.1",
			"resolved": "https://registry.npmjs.org/vscode-languageserver-types/-/vscode-languageserver-types-3.15.1.tgz",
			"integrity": "sha512-+a9MPUQrNGRrGU630OGbYVQ+11iOIovjCkqxajPa9w57Sd5ruK8WQNsslzpa0x/QJqC8kRc2DUxWjIFwoNm4ZQ=="
		}
	}
}
