{
	"name": "maxscript-lsp",
	"version": "1.0.0",
	"lockfileVersion": 1,
	"requires": true,
	"dependencies": {
		"@types/moo": {
			"version": "0.5.3",
			"resolved": "https://registry.npmjs.org/@types/moo/-/moo-0.5.3.tgz",
			"integrity": "sha512-PJJ/jvb5Gor8DWvXN3e75njfQyYNRz0PaFSZ3br9GfHM9N2FxvuJ/E/ytcQePJOLzHlvgFSsIJIvfUMUxWTbnA==",
			"dev": true
		},
		"@types/nearley": {
			"version": "2.11.1",
			"resolved": "https://registry.npmjs.org/@types/nearley/-/nearley-2.11.1.tgz",
			"integrity": "sha512-oaAg5gn74VFpPYs6Ou2pjDao3WJxnlnH29q9rLOxSGb0PTw2QtBQcTAN9xs1OAHrtI9En5kIXKM96stf7//c9w==",
			"dev": true
		},
		"@types/node": {
			"version": "14.11.8",
			"resolved": "https://registry.npmjs.org/@types/node/-/node-14.11.8.tgz",
			"integrity": "sha512-KPcKqKm5UKDkaYPTuXSx8wEP7vE9GnuaXIZKijwRYcePpZFDVuy2a57LarFKiORbHOuTOOwYzxVxcUzsh2P2Pw==",
			"dev": true
		},
		"@types/object-path": {
			"version": "0.11.0",
			"resolved": "https://registry.npmjs.org/@types/object-path/-/object-path-0.11.0.tgz",
			"integrity": "sha512-/tuN8jDbOXcPk+VzEVZzzAgw1Byz7s/itb2YI10qkSyy6nykJH02DuhfrflxVdAdE7AZ91h5X6Cn0dmVdFw2TQ==",
			"dev": true
		},
		"ast-compare": {
			"version": "1.13.19",
			"resolved": "https://registry.npmjs.org/ast-compare/-/ast-compare-1.13.19.tgz",
			"integrity": "sha512-X2vNA+zfR+NBRR1SL4qKRshTSHwL4ayRRIMo0WobPpbSGjaS0t37xKeLAA047yOI0PaNZov9PYzth9XiCbOK9A==",
			"requires": {
				"ast-contains-only-empty-space": "^1.9.16",
				"matcher": "^3.0.0",
				"type-detect": "^4.0.8"
			}
		},
		"ast-contains-only-empty-space": {
			"version": "1.9.16",
			"resolved": "https://registry.npmjs.org/ast-contains-only-empty-space/-/ast-contains-only-empty-space-1.9.16.tgz",
			"integrity": "sha512-BhyxieJbUhXPzGE2zlJBqZKDifQ/Bz62BlxocAC0eOfsI7vMLhsu90cRwVAImvjz1Qxe1FysyQeVvhOCoIqWgQ==",
			"requires": {
				"ast-monkey-traverse": "^1.12.20"
			}
		},
		"ast-get-object": {
			"version": "1.9.18",
			"resolved": "https://registry.npmjs.org/ast-get-object/-/ast-get-object-1.9.18.tgz",
			"integrity": "sha512-vtQC4/6CW2emgjk4Yct2KerF+bCjxKQIIfwDsPGDHPqCj0bv6Qa+p41+q2iz/JLs17kRL8yq7ZkSottRy1Tu6g==",
			"requires": {
				"ast-compare": "^1.13.19",
				"lodash.clonedeep": "^4.5.0"
			}
		},
		"ast-get-values-by-key": {
			"version": "2.7.0",
			"resolved": "https://registry.npmjs.org/ast-get-values-by-key/-/ast-get-values-by-key-2.7.0.tgz",
			"integrity": "sha512-SC1A3jCBJc/Q+1KPuo7/PARw9GXe6bDJQgojF5eLudG6azJ7laoC15rRCeMlxgIYNVzKH366q9cDEIacmJOy7A==",
			"requires": {
				"ast-monkey-traverse": "^1.12.20",
				"lodash.clonedeep": "^4.5.0",
				"matcher": "^3.0.0"
			}
		},
		"ast-monkey-traverse": {
			"version": "1.12.20",
			"resolved": "https://registry.npmjs.org/ast-monkey-traverse/-/ast-monkey-traverse-1.12.20.tgz",
			"integrity": "sha512-Q9xKmPZvo+SPQfuI7zfYwZowHgcRIO1CfVCSsD4gPPP2iB8i48Pjze2xdjRktVfjKNRJifUjJcOztTwc80RAFQ==",
			"requires": {
				"lodash.clonedeep": "^4.5.0"
			}
		},
		"commander": {
			"version": "2.20.3",
			"resolved": "https://registry.npmjs.org/commander/-/commander-2.20.3.tgz",
			"integrity": "sha512-GpVkmM8vF2vQUkj2LvZmD35JxeJOLCwJ9cUkugyk2nuhbv3+mJvpLYYt+0+USMxE+oj+ey/lJEnhZw75x/OMcQ=="
		},
		"discontinuous-range": {
			"version": "1.0.0",
			"resolved": "https://registry.npmjs.org/discontinuous-range/-/discontinuous-range-1.0.0.tgz",
			"integrity": "sha1-44Mx8IRLukm5qctxx3FYWqsbxlo="
		},
		"escape-string-regexp": {
			"version": "4.0.0",
			"resolved": "https://registry.npmjs.org/escape-string-regexp/-/escape-string-regexp-4.0.0.tgz",
			"integrity": "sha512-TtpcNJ3XAzx3Gq8sWRzJaVajRs0uVxA2YAkdb1jm2YkPz4G6egUFAyA3n5vtEIZefPk5Wa4UXbKuS5fKkJWdgA=="
		},
		"lodash.clonedeep": {
			"version": "4.5.0",
			"resolved": "https://registry.npmjs.org/lodash.clonedeep/-/lodash.clonedeep-4.5.0.tgz",
			"integrity": "sha1-4j8/nE+Pvd6HJSnBBxhXoIblzO8="
		},
		"matcher": {
			"version": "3.0.0",
			"resolved": "https://registry.npmjs.org/matcher/-/matcher-3.0.0.tgz",
			"integrity": "sha512-OkeDaAZ/bQCxeFAozM55PKcKU0yJMPGifLwV4Qgjitu+5MoAfSQN4lsLJeXZ1b8w0x+/Emda6MZgXS1jvsapng==",
			"requires": {
				"escape-string-regexp": "^4.0.0"
			}
		},
		"moo": {
			"version": "0.5.1",
			"resolved": "https://registry.npmjs.org/moo/-/moo-0.5.1.tgz",
			"integrity": "sha512-I1mnb5xn4fO80BH9BLcF0yLypy2UKl+Cb01Fu0hJRkJjlCRtxZMWkTdAtDd5ZqCOxtCkhmRwyI57vWT+1iZ67w=="
		},
		"nearley": {
			"version": "2.19.7",
			"resolved": "https://registry.npmjs.org/nearley/-/nearley-2.19.7.tgz",
			"integrity": "sha512-Y+KNwhBPcSJKeyQCFjn8B/MIe+DDlhaaDgjVldhy5xtFewIbiQgcbZV8k2gCVwkI1ZsKCnjIYZbR+0Fim5QYgg==",
			"requires": {
				"commander": "^2.19.0",
				"moo": "^0.5.0",
				"railroad-diagrams": "^1.0.0",
				"randexp": "0.4.6",
				"semver": "^5.4.1"
			}
		},
		"object-path": {
			"version": "0.11.5",
			"resolved": "https://registry.npmjs.org/object-path/-/object-path-0.11.5.tgz",
			"integrity": "sha512-jgSbThcoR/s+XumvGMTMf81QVBmah+/Q7K7YduKeKVWL7N111unR2d6pZZarSk6kY/caeNxUDyxOvMWyzoU2eg=="
		},
		"railroad-diagrams": {
			"version": "1.0.0",
			"resolved": "https://registry.npmjs.org/railroad-diagrams/-/railroad-diagrams-1.0.0.tgz",
			"integrity": "sha1-635iZ1SN3t+4mcG5Dlc3RVnN234="
		},
		"randexp": {
			"version": "0.4.6",
			"resolved": "https://registry.npmjs.org/randexp/-/randexp-0.4.6.tgz",
			"integrity": "sha512-80WNmd9DA0tmZrw9qQa62GPPWfuXJknrmVmLcxvq4uZBdYqb1wYoKTmnlGUchvVWe0XiLupYkBoXVOxz3C8DYQ==",
			"requires": {
				"discontinuous-range": "1.0.0",
				"ret": "~0.1.10"
			}
		},
		"ret": {
			"version": "0.1.15",
			"resolved": "https://registry.npmjs.org/ret/-/ret-0.1.15.tgz",
			"integrity": "sha512-TTlYpa+OL+vMMNG24xSlQGEJ3B/RzEfUlLct7b5G/ytav+wPrplCpVMFuwzXbkecJrb6IYo1iFb0S9v37754mg=="
		},
		"semver": {
			"version": "5.7.1",
			"resolved": "https://registry.npmjs.org/semver/-/semver-5.7.1.tgz",
			"integrity": "sha512-sauaDf/PZdVgrLTNYHRtpXa1iRiKcaebiKQ1BJdpQlWH2lCvexQdX55snPFyK7QzpudqbCI0qXFfOasHdyNDGQ=="
		},
		"type-detect": {
			"version": "4.0.8",
			"resolved": "https://registry.npmjs.org/type-detect/-/type-detect-4.0.8.tgz",
			"integrity": "sha512-0fr/mIH1dlO+x7TlcMy+bIDqKPsw/70tVyeHW787goQjhmqaZe10uwLujubK9q9Lg6Fiho1KUKDYz0Z7k7g5/g=="
		},
		"vscode-jsonrpc": {
			"version": "5.0.1",
			"resolved": "https://registry.npmjs.org/vscode-jsonrpc/-/vscode-jsonrpc-5.0.1.tgz",
			"integrity": "sha512-JvONPptw3GAQGXlVV2utDcHx0BiY34FupW/kI6mZ5x06ER5DdPG/tXWMVHjTNULF5uKPOUUD0SaXg5QaubJL0A=="
		},
		"vscode-languageserver": {
			"version": "6.1.1",
			"resolved": "https://registry.npmjs.org/vscode-languageserver/-/vscode-languageserver-6.1.1.tgz",
			"integrity": "sha512-DueEpkUAkD5XTR4MLYNr6bQIp/UFR0/IPApgXU3YfCBCB08u2sm9hRCs6DxYZELkk++STPjpcjksR2H8qI3cDQ==",
			"requires": {
				"vscode-languageserver-protocol": "^3.15.3"
			}
		},
		"vscode-languageserver-protocol": {
			"version": "3.15.3",
			"resolved": "https://registry.npmjs.org/vscode-languageserver-protocol/-/vscode-languageserver-protocol-3.15.3.tgz",
			"integrity": "sha512-zrMuwHOAQRhjDSnflWdJG+O2ztMWss8GqUUB8dXLR/FPenwkiBNkMIJJYfSN6sgskvsF0rHAoBowNQfbyZnnvw==",
			"requires": {
				"vscode-jsonrpc": "^5.0.1",
				"vscode-languageserver-types": "3.15.1"
			}
		},
		"vscode-languageserver-textdocument": {
			"version": "1.0.1",
			"resolved": "https://registry.npmjs.org/vscode-languageserver-textdocument/-/vscode-languageserver-textdocument-1.0.1.tgz",
			"integrity": "sha512-UIcJDjX7IFkck7cSkNNyzIz5FyvpQfY7sdzVy+wkKN/BLaD4DQ0ppXQrKePomCxTS7RrolK1I0pey0bG9eh8dA=="
		},
		"vscode-languageserver-types": {
			"version": "3.15.1",
			"resolved": "https://registry.npmjs.org/vscode-languageserver-types/-/vscode-languageserver-types-3.15.1.tgz",
			"integrity": "sha512-+a9MPUQrNGRrGU630OGbYVQ+11iOIovjCkqxajPa9w57Sd5ruK8WQNsslzpa0x/QJqC8kRc2DUxWjIFwoNm4ZQ=="
		},
		"vscode-uri": {
			"version": "2.1.2",
			"resolved": "https://registry.npmjs.org/vscode-uri/-/vscode-uri-2.1.2.tgz",
			"integrity": "sha512-8TEXQxlldWAuIODdukIb+TR5s+9Ds40eSJrw+1iDDA9IFORPjMELarNQE3myz5XIkWWpdprmJjm1/SxMlWOC8A=="
		}
	}
}
